
Microsoft Visual Studio Solution File, Format Version 12.00
# Visual Studio Version 17
VisualStudioVersion = 17.1.32210.238
MinimumVisualStudioVersion = 10.0.40219.1
Project("{FAE04EC0-301F-11D3-BF4B-00C04F79EFBC}") = "07_04_2022_Homework", "07_04_2022_Homework.csproj", "{4690FED9-5646-408F-845D-E3594E2644BE}"
EndProject
Global
	GlobalSection(SolutionConfigurationPlatforms) = preSolution
		Debug|Any CPU = Debug|Any CPU
		Release|Any CPU = Release|Any CPU
	EndGlobalSection
	GlobalSection(ProjectConfigurationPlatforms) = postSolution
		{4690FED9-5646-408F-845D-E3594E2644BE}.Debug|Any CPU.ActiveCfg = Debug|Any CPU
		{4690FED9-5646-408F-845D-E3594E2644BE}.Debug|Any CPU.Build.0 = Debug|Any CPU
		{4690FED9-5646-408F-845D-E3594E2644BE}.Release|Any CPU.ActiveCfg = Release|Any CPU
		{4690FED9-5646-408F-845D-E3594E2644BE}.Release|Any CPU.Build.0 = Release|Any CPU
	EndGlobalSection
	GlobalSection(SolutionProperties) = preSolution
		HideSolutionNode = FALSE
	EndGlobalSection
	GlobalSection(ExtensibilityGlobals) = postSolution
		SolutionGuid = {83CC9F91-8979-4D64-B49C-8DF049A3894E}
	EndGlobalSection
EndGlobal
